
Microsoft Visual Studio Solution File, Format Version 12.00
# Visual Studio Version 16
VisualStudioVersion = 16.0.31129.286
MinimumVisualStudioVersion = 10.0.40219.1
Project("{FAE04EC0-301F-11D3-BF4B-00C04F79EFBC}") = "GoodsClassifier", "GoodsClassifier\GoodsClassifier.csproj", "{EFD1BF19-DD02-4E09-B8E5-5F5357B693E3}"
EndProject
Global
	GlobalSection(SolutionConfigurationPlatforms) = preSolution
		Debug|Any CPU = Debug|Any CPU
		Release|Any CPU = Release|Any CPU
	EndGlobalSection
	GlobalSection(ProjectConfigurationPlatforms) = postSolution
		{EFD1BF19-DD02-4E09-B8E5-5F5357B693E3}.Debug|Any CPU.ActiveCfg = Debug|Any CPU
		{EFD1BF19-DD02-4E09-B8E5-5F5357B693E3}.Debug|Any CPU.Build.0 = Debug|Any CPU
		{EFD1BF19-DD02-4E09-B8E5-5F5357B693E3}.Release|Any CPU.ActiveCfg = Release|Any CPU
		{EFD1BF19-DD02-4E09-B8E5-5F5357B693E3}.Release|Any CPU.Build.0 = Release|Any CPU
	EndGlobalSection
	GlobalSection(SolutionProperties) = preSolution
		HideSolutionNode = FALSE
	EndGlobalSection
	GlobalSection(ExtensibilityGlobals) = postSolution
		SolutionGuid = {29814F90-E2FC-47A4-B584-CF13CF7FD940}
	EndGlobalSection
EndGlobal
